
Microsoft Visual Studio Solution File, Format Version 12.00
# Visual Studio Version 16
VisualStudioVersion = 16.0.32407.337
MinimumVisualStudioVersion = 10.0.40219.1
Project("{00D1A9C2-B5F0-4AF3-8072-F6C62B433612}") = "Server", "Server\Server.sqlproj", "{A87D1759-C2C1-4028-AF78-01F01ED425F7}"
EndProject
Project("{FAE04EC0-301F-11D3-BF4B-00C04F79EFBC}") = "DAL", "DAL\DAL.csproj", "{0C31C7B5-C785-4848-98B5-15BFD32A58D5}"
EndProject
Project("{FAE04EC0-301F-11D3-BF4B-00C04F79EFBC}") = "DatabaseTestClient", "DatabaseTestClient\DatabaseTestClient.csproj", "{BDA66820-9E99-415F-9EFA-5725F2DDA3B4}"
EndProject
Project("{2150E333-8FDC-42A3-9474-1A3956D46DE8}") = "Solution Items", "Solution Items", "{4EADC15E-FC0B-4956-B407-2B1C54632243}"
	ProjectSection(SolutionItems) = preProject
		DatabaseReadme.txt = DatabaseReadme.txt
		DeployServer-DEBUG.bat = DeployServer-DEBUG.bat
		DeployServer-RELEASE.bat = DeployServer-RELEASE.bat
	EndProjectSection
EndProject
Project("{FAE04EC0-301F-11D3-BF4B-00C04F79EFBC}") = "Tests", "Tests\Tests.csproj", "{37E6A567-85B5-45F0-8B05-FE5F80FA635E}"
EndProject
Global
	GlobalSection(SolutionConfigurationPlatforms) = preSolution
		Debug|Any CPU = Debug|Any CPU
		Release|Any CPU = Release|Any CPU
	EndGlobalSection
	GlobalSection(ProjectConfigurationPlatforms) = postSolution
		{A87D1759-C2C1-4028-AF78-01F01ED425F7}.Debug|Any CPU.ActiveCfg = Debug|Any CPU
		{A87D1759-C2C1-4028-AF78-01F01ED425F7}.Debug|Any CPU.Build.0 = Debug|Any CPU
		{A87D1759-C2C1-4028-AF78-01F01ED425F7}.Debug|Any CPU.Deploy.0 = Debug|Any CPU
		{A87D1759-C2C1-4028-AF78-01F01ED425F7}.Release|Any CPU.ActiveCfg = Release|Any CPU
		{A87D1759-C2C1-4028-AF78-01F01ED425F7}.Release|Any CPU.Build.0 = Release|Any CPU
		{A87D1759-C2C1-4028-AF78-01F01ED425F7}.Release|Any CPU.Deploy.0 = Release|Any CPU
		{0C31C7B5-C785-4848-98B5-15BFD32A58D5}.Debug|Any CPU.ActiveCfg = Debug|Any CPU
		{0C31C7B5-C785-4848-98B5-15BFD32A58D5}.Debug|Any CPU.Build.0 = Debug|Any CPU
		{0C31C7B5-C785-4848-98B5-15BFD32A58D5}.Release|Any CPU.ActiveCfg = Release|Any CPU
		{0C31C7B5-C785-4848-98B5-15BFD32A58D5}.Release|Any CPU.Build.0 = Release|Any CPU
		{BDA66820-9E99-415F-9EFA-5725F2DDA3B4}.Debug|Any CPU.ActiveCfg = Debug|Any CPU
		{BDA66820-9E99-415F-9EFA-5725F2DDA3B4}.Debug|Any CPU.Build.0 = Debug|Any CPU
		{BDA66820-9E99-415F-9EFA-5725F2DDA3B4}.Release|Any CPU.ActiveCfg = Release|Any CPU
		{BDA66820-9E99-415F-9EFA-5725F2DDA3B4}.Release|Any CPU.Build.0 = Release|Any CPU
		{37E6A567-85B5-45F0-8B05-FE5F80FA635E}.Debug|Any CPU.ActiveCfg = Debug|Any CPU
		{37E6A567-85B5-45F0-8B05-FE5F80FA635E}.Debug|Any CPU.Build.0 = Debug|Any CPU
		{37E6A567-85B5-45F0-8B05-FE5F80FA635E}.Release|Any CPU.ActiveCfg = Release|Any CPU
		{37E6A567-85B5-45F0-8B05-FE5F80FA635E}.Release|Any CPU.Build.0 = Release|Any CPU
	EndGlobalSection
	GlobalSection(SolutionProperties) = preSolution
		HideSolutionNode = FALSE
	EndGlobalSection
	GlobalSection(ExtensibilityGlobals) = postSolution
		SolutionGuid = {71C983E9-BE40-4155-BB9A-53B2AD7B97DA}
	EndGlobalSection
EndGlobal
